
Microsoft Visual Studio Solution File, Format Version 12.00
# Visual Studio Version 17
VisualStudioVersion = 17.0.31903.59
MinimumVisualStudioVersion = 10.0.40219.1
Project("{2150E333-8FDC-42A3-9474-1A3956D46DE8}") = "src", "src", "{827E0CD3-B72D-47B6-A68D-7590B98EB39B}"
EndProject
Project("{FAE04EC0-301F-11D3-BF4B-00C04F79EFBC}") = "BAUERGROUP.Shared.Core", "src\BAUERGROUP.Shared.Core\BAUERGROUP.Shared.Core.csproj", "{9D78F304-335F-48C5-9BD0-7D2097C69213}"
EndProject
Project("{FAE04EC0-301F-11D3-BF4B-00C04F79EFBC}") = "BAUERGROUP.Shared.Data", "src\BAUERGROUP.Shared.Data\BAUERGROUP.Shared.Data.csproj", "{0DDA053C-67E9-44FC-B816-40420562CD43}"
EndProject
Project("{FAE04EC0-301F-11D3-BF4B-00C04F79EFBC}") = "BAUERGROUP.Shared.API", "src\BAUERGROUP.Shared.API\BAUERGROUP.Shared.API.csproj", "{C98C6030-C6DF-4E74-87CF-5E9C9DAA40FD}"
EndProject
Project("{FAE04EC0-301F-11D3-BF4B-00C04F79EFBC}") = "BAUERGROUP.Shared.Cloud", "src\BAUERGROUP.Shared.Cloud\BAUERGROUP.Shared.Cloud.csproj", "{8BC95F79-0C58-4D79-ACB6-BFCC14585603}"
EndProject
Project("{FAE04EC0-301F-11D3-BF4B-00C04F79EFBC}") = "BAUERGROUP.Shared.Desktop", "src\BAUERGROUP.Shared.Desktop\BAUERGROUP.Shared.Desktop.csproj", "{58BD9DD1-934F-4A70-B843-2D6E763256EC}"
EndProject
Project("{FAE04EC0-301F-11D3-BF4B-00C04F79EFBC}") = "BAUERGROUP.Shared.Desktop.Browser", "src\BAUERGROUP.Shared.Desktop.Browser\BAUERGROUP.Shared.Desktop.Browser.csproj", "{72DD51CA-85F3-4DA8-AE71-050943D7BED5}"
EndProject
Project("{FAE04EC0-301F-11D3-BF4B-00C04F79EFBC}") = "BAUERGROUP.Shared.Desktop.Reporting", "src\BAUERGROUP.Shared.Desktop.Reporting\BAUERGROUP.Shared.Desktop.Reporting.csproj", "{9CF5C1F0-D6E5-40D4-87FD-E11DC52D9BED}"
EndProject
Project("{2150E333-8FDC-42A3-9474-1A3956D46DE8}") = "tests", "tests", "{0AB3BF05-4346-4AA6-1389-037BE0695223}"
EndProject
Project("{FAE04EC0-301F-11D3-BF4B-00C04F79EFBC}") = "BAUERGROUP.Shared.Plattform.Test", "tests\BAUERGROUP.Shared.Plattform.Test\BAUERGROUP.Shared.Plattform.Test.csproj", "{A241FEF2-6F20-4B57-88F7-B8450984EDC8}"
EndProject
Global
	GlobalSection(SolutionConfigurationPlatforms) = preSolution
		Debug|Any CPU = Debug|Any CPU
		Debug|x64 = Debug|x64
		Debug|x86 = Debug|x86
		Release|Any CPU = Release|Any CPU
		Release|x64 = Release|x64
		Release|x86 = Release|x86
	EndGlobalSection
	GlobalSection(ProjectConfigurationPlatforms) = postSolution
		{9D78F304-335F-48C5-9BD0-7D2097C69213}.Debug|Any CPU.ActiveCfg = Debug|Any CPU
		{9D78F304-335F-48C5-9BD0-7D2097C69213}.Debug|Any CPU.Build.0 = Debug|Any CPU
		{9D78F304-335F-48C5-9BD0-7D2097C69213}.Debug|x64.ActiveCfg = Debug|Any CPU
		{9D78F304-335F-48C5-9BD0-7D2097C69213}.Debug|x64.Build.0 = Debug|Any CPU
		{9D78F304-335F-48C5-9BD0-7D2097C69213}.Debug|x86.ActiveCfg = Debug|Any CPU
		{9D78F304-335F-48C5-9BD0-7D2097C69213}.Debug|x86.Build.0 = Debug|Any CPU
		{9D78F304-335F-48C5-9BD0-7D2097C69213}.Release|Any CPU.ActiveCfg = Release|Any CPU
		{9D78F304-335F-48C5-9BD0-7D2097C69213}.Release|Any CPU.Build.0 = Release|Any CPU
		{9D78F304-335F-48C5-9BD0-7D2097C69213}.Release|x64.ActiveCfg = Release|Any CPU
		{9D78F304-335F-48C5-9BD0-7D2097C69213}.Release|x64.Build.0 = Release|Any CPU
		{9D78F304-335F-48C5-9BD0-7D2097C69213}.Release|x86.ActiveCfg = Release|Any CPU
		{9D78F304-335F-48C5-9BD0-7D2097C69213}.Release|x86.Build.0 = Release|Any CPU
		{0DDA053C-67E9-44FC-B816-40420562CD43}.Debug|Any CPU.ActiveCfg = Debug|Any CPU
		{0DDA053C-67E9-44FC-B816-40420562CD43}.Debug|Any CPU.Build.0 = Debug|Any CPU
		{0DDA053C-67E9-44FC-B816-40420562CD43}.Debug|x64.ActiveCfg = Debug|Any CPU
		{0DDA053C-67E9-44FC-B816-40420562CD43}.Debug|x64.Build.0 = Debug|Any CPU
		{0DDA053C-67E9-44FC-B816-40420562CD43}.Debug|x86.ActiveCfg = Debug|Any CPU
		{0DDA053C-67E9-44FC-B816-40420562CD43}.Debug|x86.Build.0 = Debug|Any CPU
		{0DDA053C-67E9-44FC-B816-40420562CD43}.Release|Any CPU.ActiveCfg = Release|Any CPU
		{0DDA053C-67E9-44FC-B816-40420562CD43}.Release|Any CPU.Build.0 = Release|Any CPU
		{0DDA053C-67E9-44FC-B816-40420562CD43}.Release|x64.ActiveCfg = Release|Any CPU
		{0DDA053C-67E9-44FC-B816-40420562CD43}.Release|x64.Build.0 = Release|Any CPU
		{0DDA053C-67E9-44FC-B816-40420562CD43}.Release|x86.ActiveCfg = Release|Any CPU
		{0DDA053C-67E9-44FC-B816-40420562CD43}.Release|x86.Build.0 = Release|Any CPU
		{C98C6030-C6DF-4E74-87CF-5E9C9DAA40FD}.Debug|Any CPU.ActiveCfg = Debug|Any CPU
		{C98C6030-C6DF-4E74-87CF-5E9C9DAA40FD}.Debug|Any CPU.Build.0 = Debug|Any CPU
		{C98C6030-C6DF-4E74-87CF-5E9C9DAA40FD}.Debug|x64.ActiveCfg = Debug|Any CPU
		{C98C6030-C6DF-4E74-87CF-5E9C9DAA40FD}.Debug|x64.Build.0 = Debug|Any CPU
		{C98C6030-C6DF-4E74-87CF-5E9C9DAA40FD}.Debug|x86.ActiveCfg = Debug|Any CPU
		{C98C6030-C6DF-4E74-87CF-5E9C9DAA40FD}.Debug|x86.Build.0 = Debug|Any CPU
		{C98C6030-C6DF-4E74-87CF-5E9C9DAA40FD}.Release|Any CPU.ActiveCfg = Release|Any CPU
		{C98C6030-C6DF-4E74-87CF-5E9C9DAA40FD}.Release|Any CPU.Build.0 = Release|Any CPU
		{C98C6030-C6DF-4E74-87CF-5E9C9DAA40FD}.Release|x64.ActiveCfg = Release|Any CPU
		{C98C6030-C6DF-4E74-87CF-5E9C9DAA40FD}.Release|x64.Build.0 = Release|Any CPU
		{C98C6030-C6DF-4E74-87CF-5E9C9DAA40FD}.Release|x86.ActiveCfg = Release|Any CPU
		{C98C6030-C6DF-4E74-87CF-5E9C9DAA40FD}.Release|x86.Build.0 = Release|Any CPU
		{8BC95F79-0C58-4D79-ACB6-BFCC14585603}.Debug|Any CPU.ActiveCfg = Debug|Any CPU
		{8BC95F79-0C58-4D79-ACB6-BFCC14585603}.Debug|Any CPU.Build.0 = Debug|Any CPU
		{8BC95F79-0C58-4D79-ACB6-BFCC14585603}.Debug|x64.ActiveCfg = Debug|Any CPU
		{8BC95F79-0C58-4D79-ACB6-BFCC14585603}.Debug|x64.Build.0 = Debug|Any CPU
		{8BC95F79-0C58-4D79-ACB6-BFCC14585603}.Debug|x86.ActiveCfg = Debug|Any CPU
		{8BC95F79-0C58-4D79-ACB6-BFCC14585603}.Debug|x86.Build.0 = Debug|Any CPU
		{8BC95F79-0C58-4D79-ACB6-BFCC14585603}.Release|Any CPU.ActiveCfg = Release|Any CPU
		{8BC95F79-0C58-4D79-ACB6-BFCC14585603}.Release|Any CPU.Build.0 = Release|Any CPU
		{8BC95F79-0C58-4D79-ACB6-BFCC14585603}.Release|x64.ActiveCfg = Release|Any CPU
		{8BC95F79-0C58-4D79-ACB6-BFCC14585603}.Release|x64.Build.0 = Release|Any CPU
		{8BC95F79-0C58-4D79-ACB6-BFCC14585603}.Release|x86.ActiveCfg = Release|Any CPU
		{8BC95F79-0C58-4D79-ACB6-BFCC14585603}.Release|x86.Build.0 = Release|Any CPU
		{58BD9DD1-934F-4A70-B843-2D6E763256EC}.Debug|Any CPU.ActiveCfg = Debug|Any CPU
		{58BD9DD1-934F-4A70-B843-2D6E763256EC}.Debug|Any CPU.Build.0 = Debug|Any CPU
		{58BD9DD1-934F-4A70-B843-2D6E763256EC}.Debug|x64.ActiveCfg = Debug|Any CPU
		{58BD9DD1-934F-4A70-B843-2D6E763256EC}.Debug|x64.Build.0 = Debug|Any CPU
		{58BD9DD1-934F-4A70-B843-2D6E763256EC}.Debug|x86.ActiveCfg = Debug|Any CPU
		{58BD9DD1-934F-4A70-B843-2D6E763256EC}.Debug|x86.Build.0 = Debug|Any CPU
		{58BD9DD1-934F-4A70-B843-2D6E763256EC}.Release|Any CPU.ActiveCfg = Release|Any CPU
		{58BD9DD1-934F-4A70-B843-2D6E763256EC}.Release|Any CPU.Build.0 = Release|Any CPU
		{58BD9DD1-934F-4A70-B843-2D6E763256EC}.Release|x64.ActiveCfg = Release|Any CPU
		{58BD9DD1-934F-4A70-B843-2D6E763256EC}.Release|x64.Build.0 = Release|Any CPU
		{58BD9DD1-934F-4A70-B843-2D6E763256EC}.Release|x86.ActiveCfg = Release|Any CPU
		{58BD9DD1-934F-4A70-B843-2D6E763256EC}.Release|x86.Build.0 = Release|Any CPU
		{72DD51CA-85F3-4DA8-AE71-050943D7BED5}.Debug|Any CPU.ActiveCfg = Debug|Any CPU
		{72DD51CA-85F3-4DA8-AE71-050943D7BED5}.Debug|Any CPU.Build.0 = Debug|Any CPU
		{72DD51CA-85F3-4DA8-AE71-050943D7BED5}.Debug|x64.ActiveCfg = Debug|x64
		{72DD51CA-85F3-4DA8-AE71-050943D7BED5}.Debug|x64.Build.0 = Debug|x64
		{72DD51CA-85F3-4DA8-AE71-050943D7BED5}.Debug|x86.ActiveCfg = Debug|x86
		{72DD51CA-85F3-4DA8-AE71-050943D7BED5}.Debug|x86.Build.0 = Debug|x86
		{72DD51CA-85F3-4DA8-AE71-050943D7BED5}.Release|Any CPU.ActiveCfg = Release|Any CPU
		{72DD51CA-85F3-4DA8-AE71-050943D7BED5}.Release|Any CPU.Build.0 = Release|Any CPU
		{72DD51CA-85F3-4DA8-AE71-050943D7BED5}.Release|x64.ActiveCfg = Release|x64
		{72DD51CA-85F3-4DA8-AE71-050943D7BED5}.Release|x64.Build.0 = Release|x64
		{72DD51CA-85F3-4DA8-AE71-050943D7BED5}.Release|x86.ActiveCfg = Release|x86
		{72DD51CA-85F3-4DA8-AE71-050943D7BED5}.Release|x86.Build.0 = Release|x86
		{9CF5C1F0-D6E5-40D4-87FD-E11DC52D9BED}.Debug|Any CPU.ActiveCfg = Debug|Any CPU
		{9CF5C1F0-D6E5-40D4-87FD-E11DC52D9BED}.Debug|Any CPU.Build.0 = Debug|Any CPU
		{9CF5C1F0-D6E5-40D4-87FD-E11DC52D9BED}.Debug|x64.ActiveCfg = Debug|Any CPU
		{9CF5C1F0-D6E5-40D4-87FD-E11DC52D9BED}.Debug|x64.Build.0 = Debug|Any CPU
		{9CF5C1F0-D6E5-40D4-87FD-E11DC52D9BED}.Debug|x86.ActiveCfg = Debug|Any CPU
		{9CF5C1F0-D6E5-40D4-87FD-E11DC52D9BED}.Debug|x86.Build.0 = Debug|Any CPU
		{9CF5C1F0-D6E5-40D4-87FD-E11DC52D9BED}.Release|Any CPU.ActiveCfg = Release|Any CPU
		{9CF5C1F0-D6E5-40D4-87FD-E11DC52D9BED}.Release|Any CPU.Build.0 = Release|Any CPU
		{9CF5C1F0-D6E5-40D4-87FD-E11DC52D9BED}.Release|x64.ActiveCfg = Release|Any CPU
		{9CF5C1F0-D6E5-40D4-87FD-E11DC52D9BED}.Release|x64.Build.0 = Release|Any CPU
		{9CF5C1F0-D6E5-40D4-87FD-E11DC52D9BED}.Release|x86.ActiveCfg = Release|Any CPU
		{9CF5C1F0-D6E5-40D4-87FD-E11DC52D9BED}.Release|x86.Build.0 = Release|Any CPU
		{A241FEF2-6F20-4B57-88F7-B8450984EDC8}.Debug|Any CPU.ActiveCfg = Debug|Any CPU
		{A241FEF2-6F20-4B57-88F7-B8450984EDC8}.Debug|Any CPU.Build.0 = Debug|Any CPU
		{A241FEF2-6F20-4B57-88F7-B8450984EDC8}.Debug|x64.ActiveCfg = Debug|Any CPU
		{A241FEF2-6F20-4B57-88F7-B8450984EDC8}.Debug|x64.Build.0 = Debug|Any CPU
		{A241FEF2-6F20-4B57-88F7-B8450984EDC8}.Debug|x86.ActiveCfg = Debug|Any CPU
		{A241FEF2-6F20-4B57-88F7-B8450984EDC8}.Debug|x86.Build.0 = Debug|Any CPU
		{A241FEF2-6F20-4B57-88F7-B8450984EDC8}.Release|Any CPU.ActiveCfg = Release|Any CPU
		{A241FEF2-6F20-4B57-88F7-B8450984EDC8}.Release|Any CPU.Build.0 = Release|Any CPU
		{A241FEF2-6F20-4B57-88F7-B8450984EDC8}.Release|x64.ActiveCfg = Release|Any CPU
		{A241FEF2-6F20-4B57-88F7-B8450984EDC8}.Release|x64.Build.0 = Release|Any CPU
		{A241FEF2-6F20-4B57-88F7-B8450984EDC8}.Release|x86.ActiveCfg = Release|Any CPU
		{A241FEF2-6F20-4B57-88F7-B8450984EDC8}.Release|x86.Build.0 = Release|Any CPU
	EndGlobalSection
	GlobalSection(SolutionProperties) = preSolution
		HideSolutionNode = FALSE
	EndGlobalSection
	GlobalSection(NestedProjects) = preSolution
		{9D78F304-335F-48C5-9BD0-7D2097C69213} = {827E0CD3-B72D-47B6-A68D-7590B98EB39B}
		{0DDA053C-67E9-44FC-B816-40420562CD43} = {827E0CD3-B72D-47B6-A68D-7590B98EB39B}
		{C98C6030-C6DF-4E74-87CF-5E9C9DAA40FD} = {827E0CD3-B72D-47B6-A68D-7590B98EB39B}
		{8BC95F79-0C58-4D79-ACB6-BFCC14585603} = {827E0CD3-B72D-47B6-A68D-7590B98EB39B}
		{58BD9DD1-934F-4A70-B843-2D6E763256EC} = {827E0CD3-B72D-47B6-A68D-7590B98EB39B}
		{72DD51CA-85F3-4DA8-AE71-050943D7BED5} = {827E0CD3-B72D-47B6-A68D-7590B98EB39B}
		{9CF5C1F0-D6E5-40D4-87FD-E11DC52D9BED} = {827E0CD3-B72D-47B6-A68D-7590B98EB39B}
		{A241FEF2-6F20-4B57-88F7-B8450984EDC8} = {0AB3BF05-4346-4AA6-1389-037BE0695223}
	EndGlobalSection
EndGlobal
